
Microsoft Visual Studio Solution File, Format Version 12.00
# Visual Studio Version 17
VisualStudioVersion = 17.8.34330.188
MinimumVisualStudioVersion = 10.0.40219.1
Project("{9A19103F-16F7-4668-BE54-9A1E7A4F7556}") = "CaseForForceget.API", "CaseForForceget.API\CaseForForceget.API.csproj", "{635957B6-0BE6-4B98-AC53-36A6692E9007}"
EndProject
Project("{9A19103F-16F7-4668-BE54-9A1E7A4F7556}") = "CaseForForceget.EntityLayer", "CaseForForceget.EntityLayer\CaseForForceget.EntityLayer.csproj", "{2B03A4F7-E646-4027-BF55-C0AF7ECCD1B4}"
EndProject
Project("{9A19103F-16F7-4668-BE54-9A1E7A4F7556}") = "CaseForForceget.DataAccessLayer", "CaseForForceget.DataAccessLayer\CaseForForceget.DataAccessLayer.csproj", "{94046D31-D630-40E1-B397-386D5C5074A4}"
EndProject
Project("{FAE04EC0-301F-11D3-BF4B-00C04F79EFBC}") = "CaseForForceget.BussinesLayer", "CaseForForceget.BussinesLayer\CaseForForceget.BussinesLayer.csproj", "{74F72E60-C1BC-4E96-A1AA-C798D99C47E1}"
EndProject
Project("{FAE04EC0-301F-11D3-BF4B-00C04F79EFBC}") = "CaseForForceget.MVC", "CaseForForceget.MVC\CaseForForceget.MVC.csproj", "{43C8F778-DFC0-4C10-8E1D-0AA97DC82203}"
EndProject
Global
	GlobalSection(SolutionConfigurationPlatforms) = preSolution
		Debug|Any CPU = Debug|Any CPU
		Release|Any CPU = Release|Any CPU
	EndGlobalSection
	GlobalSection(ProjectConfigurationPlatforms) = postSolution
		{635957B6-0BE6-4B98-AC53-36A6692E9007}.Debug|Any CPU.ActiveCfg = Debug|Any CPU
		{635957B6-0BE6-4B98-AC53-36A6692E9007}.Debug|Any CPU.Build.0 = Debug|Any CPU
		{635957B6-0BE6-4B98-AC53-36A6692E9007}.Release|Any CPU.ActiveCfg = Release|Any CPU
		{635957B6-0BE6-4B98-AC53-36A6692E9007}.Release|Any CPU.Build.0 = Release|Any CPU
		{2B03A4F7-E646-4027-BF55-C0AF7ECCD1B4}.Debug|Any CPU.ActiveCfg = Debug|Any CPU
		{2B03A4F7-E646-4027-BF55-C0AF7ECCD1B4}.Debug|Any CPU.Build.0 = Debug|Any CPU
		{2B03A4F7-E646-4027-BF55-C0AF7ECCD1B4}.Release|Any CPU.ActiveCfg = Release|Any CPU
		{2B03A4F7-E646-4027-BF55-C0AF7ECCD1B4}.Release|Any CPU.Build.0 = Release|Any CPU
		{94046D31-D630-40E1-B397-386D5C5074A4}.Debug|Any CPU.ActiveCfg = Debug|Any CPU
		{94046D31-D630-40E1-B397-386D5C5074A4}.Debug|Any CPU.Build.0 = Debug|Any CPU
		{94046D31-D630-40E1-B397-386D5C5074A4}.Release|Any CPU.ActiveCfg = Release|Any CPU
		{94046D31-D630-40E1-B397-386D5C5074A4}.Release|Any CPU.Build.0 = Release|Any CPU
		{74F72E60-C1BC-4E96-A1AA-C798D99C47E1}.Debug|Any CPU.ActiveCfg = Debug|Any CPU
		{74F72E60-C1BC-4E96-A1AA-C798D99C47E1}.Debug|Any CPU.Build.0 = Debug|Any CPU
		{74F72E60-C1BC-4E96-A1AA-C798D99C47E1}.Release|Any CPU.ActiveCfg = Release|Any CPU
		{74F72E60-C1BC-4E96-A1AA-C798D99C47E1}.Release|Any CPU.Build.0 = Release|Any CPU
		{43C8F778-DFC0-4C10-8E1D-0AA97DC82203}.Debug|Any CPU.ActiveCfg = Debug|Any CPU
		{43C8F778-DFC0-4C10-8E1D-0AA97DC82203}.Debug|Any CPU.Build.0 = Debug|Any CPU
		{43C8F778-DFC0-4C10-8E1D-0AA97DC82203}.Release|Any CPU.ActiveCfg = Release|Any CPU
		{43C8F778-DFC0-4C10-8E1D-0AA97DC82203}.Release|Any CPU.Build.0 = Release|Any CPU
	EndGlobalSection
	GlobalSection(SolutionProperties) = preSolution
		HideSolutionNode = FALSE
	EndGlobalSection
	GlobalSection(ExtensibilityGlobals) = postSolution
		SolutionGuid = {D23C1F2F-E6A4-40E4-88B5-09E7F6C530B1}
	EndGlobalSection
EndGlobal
